{
  "originHash" : "8a20ab13a0839923be1e0c4dc528a73ffb8f4754fcd31a910f54aa2e035dc218",
  "pins" : [
    {
      "identity" : "attentive-ios-sdk",
      "kind" : "remoteSourceControl",
      "location" : "https://github.com/OdionAI/attentive-ios-sdk.git",
      "state" : {
        "revision" : "6c9d1131a7754293666ea986f1f8cf180846ec49",
        "version" : "0.1.0-staging.1"
      }
    }
  ],
  "version" : 3
}
